
Microsoft Visual Studio Solution File, Format Version 12.00
Project("{FAE04EC0-301F-11D3-BF4B-00C04F79EFBC}") = "Reaper", "src\Reaper\Reaper.csproj", "{4EA32884-C315-405F-AF6B-3CE9AFB0B717}"
EndProject
Project("{FAE04EC0-301F-11D3-BF4B-00C04F79EFBC}") = "Reaper.SourceGenerator", "src\Reaper.SourceGenerator\Reaper.SourceGenerator.csproj", "{3BF323A5-E703-40EC-B7A3-51BF85EDE27D}"
EndProject
Project("{2150E333-8FDC-42A3-9474-1A3956D46DE8}") = "Tests", "Tests", "{4E11526E-A855-40DB-BC78-24C0B503BE76}"
EndProject
Project("{FAE04EC0-301F-11D3-BF4B-00C04F79EFBC}") = "Reaper.TestWeb", "tests\Reaper.TestWeb\Reaper.TestWeb.csproj", "{12413687-45BD-4B12-93DD-5118AA6B1BE8}"
EndProject
Project("{FAE04EC0-301F-11D3-BF4B-00C04F79EFBC}") = "IntegrationTests", "tests\IntegrationTests\IntegrationTests.csproj", "{20BADD15-9140-4B56-A63B-FA624786F65D}"
EndProject
Project("{FAE04EC0-301F-11D3-BF4B-00C04F79EFBC}") = "UnitTests", "tests\UnitTests\UnitTests.csproj", "{41150D2A-2666-48A1-8286-C94EE827147C}"
EndProject
Project("{2150E333-8FDC-42A3-9474-1A3956D46DE8}") = "Benchmarks", "Benchmarks", "{87EDAF12-611E-40EF-9165-E959ED6A0246}"
EndProject
Project("{FAE04EC0-301F-11D3-BF4B-00C04F79EFBC}") = "Benchmarker", "benchmarks\Benchmarker\Benchmarker.csproj", "{0D74F8B7-75E1-47C3-B70B-1D677FFB51AB}"
EndProject
Project("{FAE04EC0-301F-11D3-BF4B-00C04F79EFBC}") = "BenchmarkWeb", "benchmarks\BenchmarkWeb\BenchmarkWeb.csproj", "{1D0B7DC1-0C7B-4C5E-87F3-3978A8151B6F}"
EndProject
Project("{FAE04EC0-301F-11D3-BF4B-00C04F79EFBC}") = "Reaper.Validation", "src\Reaper.Validation\Reaper.Validation.csproj", "{2C789211-0648-41D9-B14D-F45DB32074E5}"
EndProject
Global
	GlobalSection(SolutionConfigurationPlatforms) = preSolution
		Debug|Any CPU = Debug|Any CPU
		Release|Any CPU = Release|Any CPU
	EndGlobalSection
	GlobalSection(ProjectConfigurationPlatforms) = postSolution
		{4EA32884-C315-405F-AF6B-3CE9AFB0B717}.Debug|Any CPU.ActiveCfg = Debug|Any CPU
		{4EA32884-C315-405F-AF6B-3CE9AFB0B717}.Debug|Any CPU.Build.0 = Debug|Any CPU
		{4EA32884-C315-405F-AF6B-3CE9AFB0B717}.Release|Any CPU.ActiveCfg = Release|Any CPU
		{4EA32884-C315-405F-AF6B-3CE9AFB0B717}.Release|Any CPU.Build.0 = Release|Any CPU
		{3BF323A5-E703-40EC-B7A3-51BF85EDE27D}.Debug|Any CPU.ActiveCfg = Debug|Any CPU
		{3BF323A5-E703-40EC-B7A3-51BF85EDE27D}.Debug|Any CPU.Build.0 = Debug|Any CPU
		{3BF323A5-E703-40EC-B7A3-51BF85EDE27D}.Release|Any CPU.ActiveCfg = Release|Any CPU
		{3BF323A5-E703-40EC-B7A3-51BF85EDE27D}.Release|Any CPU.Build.0 = Release|Any CPU
		{12413687-45BD-4B12-93DD-5118AA6B1BE8}.Debug|Any CPU.ActiveCfg = Debug|Any CPU
		{12413687-45BD-4B12-93DD-5118AA6B1BE8}.Debug|Any CPU.Build.0 = Debug|Any CPU
		{12413687-45BD-4B12-93DD-5118AA6B1BE8}.Release|Any CPU.ActiveCfg = Release|Any CPU
		{12413687-45BD-4B12-93DD-5118AA6B1BE8}.Release|Any CPU.Build.0 = Release|Any CPU
		{20BADD15-9140-4B56-A63B-FA624786F65D}.Debug|Any CPU.ActiveCfg = Debug|Any CPU
		{20BADD15-9140-4B56-A63B-FA624786F65D}.Debug|Any CPU.Build.0 = Debug|Any CPU
		{20BADD15-9140-4B56-A63B-FA624786F65D}.Release|Any CPU.ActiveCfg = Release|Any CPU
		{20BADD15-9140-4B56-A63B-FA624786F65D}.Release|Any CPU.Build.0 = Release|Any CPU
		{41150D2A-2666-48A1-8286-C94EE827147C}.Debug|Any CPU.ActiveCfg = Debug|Any CPU
		{41150D2A-2666-48A1-8286-C94EE827147C}.Debug|Any CPU.Build.0 = Debug|Any CPU
		{41150D2A-2666-48A1-8286-C94EE827147C}.Release|Any CPU.ActiveCfg = Release|Any CPU
		{41150D2A-2666-48A1-8286-C94EE827147C}.Release|Any CPU.Build.0 = Release|Any CPU
		{0D74F8B7-75E1-47C3-B70B-1D677FFB51AB}.Debug|Any CPU.ActiveCfg = Debug|Any CPU
		{0D74F8B7-75E1-47C3-B70B-1D677FFB51AB}.Debug|Any CPU.Build.0 = Debug|Any CPU
		{0D74F8B7-75E1-47C3-B70B-1D677FFB51AB}.Release|Any CPU.ActiveCfg = Release|Any CPU
		{0D74F8B7-75E1-47C3-B70B-1D677FFB51AB}.Release|Any CPU.Build.0 = Release|Any CPU
		{1D0B7DC1-0C7B-4C5E-87F3-3978A8151B6F}.Debug|Any CPU.ActiveCfg = Debug|Any CPU
		{1D0B7DC1-0C7B-4C5E-87F3-3978A8151B6F}.Debug|Any CPU.Build.0 = Debug|Any CPU
		{1D0B7DC1-0C7B-4C5E-87F3-3978A8151B6F}.Release|Any CPU.ActiveCfg = Release|Any CPU
		{1D0B7DC1-0C7B-4C5E-87F3-3978A8151B6F}.Release|Any CPU.Build.0 = Release|Any CPU
		{2C789211-0648-41D9-B14D-F45DB32074E5}.Debug|Any CPU.ActiveCfg = Debug|Any CPU
		{2C789211-0648-41D9-B14D-F45DB32074E5}.Debug|Any CPU.Build.0 = Debug|Any CPU
		{2C789211-0648-41D9-B14D-F45DB32074E5}.Release|Any CPU.ActiveCfg = Release|Any CPU
		{2C789211-0648-41D9-B14D-F45DB32074E5}.Release|Any CPU.Build.0 = Release|Any CPU
	EndGlobalSection
	GlobalSection(NestedProjects) = preSolution
		{12413687-45BD-4B12-93DD-5118AA6B1BE8} = {4E11526E-A855-40DB-BC78-24C0B503BE76}
		{20BADD15-9140-4B56-A63B-FA624786F65D} = {4E11526E-A855-40DB-BC78-24C0B503BE76}
		{41150D2A-2666-48A1-8286-C94EE827147C} = {4E11526E-A855-40DB-BC78-24C0B503BE76}
		{0D74F8B7-75E1-47C3-B70B-1D677FFB51AB} = {87EDAF12-611E-40EF-9165-E959ED6A0246}
		{1D0B7DC1-0C7B-4C5E-87F3-3978A8151B6F} = {87EDAF12-611E-40EF-9165-E959ED6A0246}
	EndGlobalSection
EndGlobal
